
Microsoft Visual Studio Solution File, Format Version 12.00
# Visual Studio Version 16
VisualStudioVersion = 16.0.32510.428
MinimumVisualStudioVersion = 10.0.40219.1
Project("{FAE04EC0-301F-11D3-BF4B-00C04F79EFBC}") = "Lab1-problem-108", "Lab1-problem-108\Lab1-problem-108.csproj", "{37152D23-FA96-4654-91E9-B578A9B2608E}"
EndProject
Project("{FAE04EC0-301F-11D3-BF4B-00C04F79EFBC}") = "Lab2-problem-126", "Lab2-problem-126\Lab2-problem-126.csproj", "{A3FA6DE1-CE53-4B05-AA2F-8839AC6AAC84}"
EndProject
Global
	GlobalSection(SolutionConfigurationPlatforms) = preSolution
		Debug|Any CPU = Debug|Any CPU
		Release|Any CPU = Release|Any CPU
	EndGlobalSection
	GlobalSection(ProjectConfigurationPlatforms) = postSolution
		{37152D23-FA96-4654-91E9-B578A9B2608E}.Debug|Any CPU.ActiveCfg = Debug|Any CPU
		{37152D23-FA96-4654-91E9-B578A9B2608E}.Debug|Any CPU.Build.0 = Debug|Any CPU
		{37152D23-FA96-4654-91E9-B578A9B2608E}.Release|Any CPU.ActiveCfg = Release|Any CPU
		{37152D23-FA96-4654-91E9-B578A9B2608E}.Release|Any CPU.Build.0 = Release|Any CPU
		{A3FA6DE1-CE53-4B05-AA2F-8839AC6AAC84}.Debug|Any CPU.ActiveCfg = Debug|Any CPU
		{A3FA6DE1-CE53-4B05-AA2F-8839AC6AAC84}.Debug|Any CPU.Build.0 = Debug|Any CPU
		{A3FA6DE1-CE53-4B05-AA2F-8839AC6AAC84}.Release|Any CPU.ActiveCfg = Release|Any CPU
		{A3FA6DE1-CE53-4B05-AA2F-8839AC6AAC84}.Release|Any CPU.Build.0 = Release|Any CPU
	EndGlobalSection
	GlobalSection(SolutionProperties) = preSolution
		HideSolutionNode = FALSE
	EndGlobalSection
	GlobalSection(ExtensibilityGlobals) = postSolution
		SolutionGuid = {0DE50A31-A3FA-4D54-BBC8-A83C959C3036}
	EndGlobalSection
EndGlobal
