
Microsoft Visual Studio Solution File, Format Version 12.00
# Visual Studio Version 17
VisualStudioVersion = 17.2.32630.192
MinimumVisualStudioVersion = 10.0.40219.1
Project("{9A19103F-16F7-4668-BE54-9A1E7A4F7556}") = "Letters-To-Numbers", "Letters-To-Numbers\Letters-To-Numbers.csproj", "{BCA8BB38-5844-4428-8BAF-72F69E2D765E}"
EndProject
Project("{FAE04EC0-301F-11D3-BF4B-00C04F79EFBC}") = "Lab-1-108", "Lab-1-108\Lab-1-108.csproj", "{2A72DCCE-0108-47E0-98FD-454A65F1D6F8}"
EndProject
Project("{FAE04EC0-301F-11D3-BF4B-00C04F79EFBC}") = "Lab-2-126", "Lab-2-126\Lab-2-126.csproj", "{EA6F8BDC-9B9C-41FE-BE9E-E9A22F904363}"
EndProject
Project("{FAE04EC0-301F-11D3-BF4B-00C04F79EFBC}") = "Lab3-007", "Lab3-007\Lab3-007.csproj", "{46D049BB-F51B-4FCA-ABE2-F373806D03A0}"
EndProject
Global
	GlobalSection(SolutionConfigurationPlatforms) = preSolution
		Debug|Any CPU = Debug|Any CPU
		Release|Any CPU = Release|Any CPU
	EndGlobalSection
	GlobalSection(ProjectConfigurationPlatforms) = postSolution
		{BCA8BB38-5844-4428-8BAF-72F69E2D765E}.Debug|Any CPU.ActiveCfg = Debug|Any CPU
		{BCA8BB38-5844-4428-8BAF-72F69E2D765E}.Debug|Any CPU.Build.0 = Debug|Any CPU
		{BCA8BB38-5844-4428-8BAF-72F69E2D765E}.Release|Any CPU.ActiveCfg = Release|Any CPU
		{BCA8BB38-5844-4428-8BAF-72F69E2D765E}.Release|Any CPU.Build.0 = Release|Any CPU
		{2A72DCCE-0108-47E0-98FD-454A65F1D6F8}.Debug|Any CPU.ActiveCfg = Debug|Any CPU
		{2A72DCCE-0108-47E0-98FD-454A65F1D6F8}.Debug|Any CPU.Build.0 = Debug|Any CPU
		{2A72DCCE-0108-47E0-98FD-454A65F1D6F8}.Release|Any CPU.ActiveCfg = Release|Any CPU
		{2A72DCCE-0108-47E0-98FD-454A65F1D6F8}.Release|Any CPU.Build.0 = Release|Any CPU
		{EA6F8BDC-9B9C-41FE-BE9E-E9A22F904363}.Debug|Any CPU.ActiveCfg = Debug|Any CPU
		{EA6F8BDC-9B9C-41FE-BE9E-E9A22F904363}.Debug|Any CPU.Build.0 = Debug|Any CPU
		{EA6F8BDC-9B9C-41FE-BE9E-E9A22F904363}.Release|Any CPU.ActiveCfg = Release|Any CPU
		{EA6F8BDC-9B9C-41FE-BE9E-E9A22F904363}.Release|Any CPU.Build.0 = Release|Any CPU
		{46D049BB-F51B-4FCA-ABE2-F373806D03A0}.Debug|Any CPU.ActiveCfg = Debug|Any CPU
		{46D049BB-F51B-4FCA-ABE2-F373806D03A0}.Debug|Any CPU.Build.0 = Debug|Any CPU
		{46D049BB-F51B-4FCA-ABE2-F373806D03A0}.Release|Any CPU.ActiveCfg = Release|Any CPU
		{46D049BB-F51B-4FCA-ABE2-F373806D03A0}.Release|Any CPU.Build.0 = Release|Any CPU
	EndGlobalSection
	GlobalSection(SolutionProperties) = preSolution
		HideSolutionNode = FALSE
	EndGlobalSection
	GlobalSection(ExtensibilityGlobals) = postSolution
		SolutionGuid = {0DE50A31-A3FA-4D54-BBC8-A83C959C3036}
	EndGlobalSection
EndGlobal
